
Microsoft Visual Studio Solution File, Format Version 12.00
# Visual Studio Version 17
VisualStudioVersion = 17.0.31903.59
MinimumVisualStudioVersion = 10.0.40219.1
Project("{2150E333-8FDC-42A3-9474-1A3956D46DE8}") = "src", "src", "{827E0CD3-B72D-47B6-A68D-7590B98EB39B}"
EndProject
Project("{FAE04EC0-301F-11D3-BF4B-00C04F79EFBC}") = "C_toolsShared", "src\C_toolsShared\C_toolsShared.csproj", "{5C6C6E99-B84C-45B9-BE4E-7C1F5B285EAF}"
EndProject
Project("{FAE04EC0-301F-11D3-BF4B-00C04F79EFBC}") = "C_toolsJson", "src\C_toolsJson\C_toolsJson.csproj", "{1C2E9E50-9DF4-405C-A4D5-F5A0D6E84FD3}"
EndProject
Project("{FAE04EC0-301F-11D3-BF4B-00C04F79EFBC}") = "C_toolsPlugin", "src\C_toolsPlugin\C_toolsPlugin.csproj", "{CC97EE54-D91A-4F4F-9205-D66F681A1FBF}"
EndProject
Project("{FAE04EC0-301F-11D3-BF4B-00C04F79EFBC}") = "C_toolsAaaPlugin", "src\C_toolsAaaPlugin\C_toolsAaaPlugin.csproj", "{30B1D820-5C5F-402D-BA4B-09C035800033}"
EndProject
Project("{FAE04EC0-301F-11D3-BF4B-00C04F79EFBC}") = "C_toolsBbbPlugin", "src\C_toolsBbbPlugin\C_toolsBbbPlugin.csproj", "{F8026365-4910-4E10-9E5A-5526B0373CF8}"
EndProject
Project("{FAE04EC0-301F-11D3-BF4B-00C04F79EFBC}") = "C_toolsDddPlugin", "src\C_toolsDddPlugin\C_toolsDddPlugin.csproj", "{1CD6353F-396C-4118-B55C-65604BACD5E1}"
EndProject
Project("{FAE04EC0-301F-11D3-BF4B-00C04F79EFBC}") = "C_toolsQqqPlugin", "src\C_toolsQqqPlugin\C_toolsQqqPlugin.csproj", "{C691B2A5-8E24-4F11-89BD-07D39C879BC3}"
EndProject
Project("{FAE04EC0-301F-11D3-BF4B-00C04F79EFBC}") = "C_toolsSysPlugin", "src\C_toolsSysPlugin\C_toolsSysPlugin.csproj", "{065D36A7-A04D-4A0E-92BF-6CF1C5547370}"
EndProject
Project("{FAE04EC0-301F-11D3-BF4B-00C04F79EFBC}") = "C_toolsTemplatePlugin", "src\C_toolsTemplatePlugin\C_toolsTemplatePlugin.csproj", "{D53B4C94-4B23-4D2E-AE24-3A72A4D4C8E1}"
EndProject
Project("{FAE04EC0-301F-11D3-BF4B-00C04F79EFBC}") = "C_TOOL_Setup", "src\C_toolsSetup\C_TOOL_Setup.csproj", "{5B7BEDB7-76BC-4DC2-9F4D-2C4975367579}"
EndProject
Project("{FAE04EC0-301F-11D3-BF4B-00C04F79EFBC}") = "C_toolsPlugin.Tests", "src\C_toolsPlugin.Tests\C_toolsPlugin.Tests.csproj", "{9A30E9A8-C5E7-49FA-A9C3-C2A6C176A478}"
EndProject
Project("{FAE04EC0-301F-11D3-BF4B-00C04F79EFBC}") = "QlPlugin", "src\QlPlugin\QlPlugin.csproj", "{4C2B1C5E-C641-4A13-9747-1B4E8AE48AB4}"
EndProject
Global
	GlobalSection(SolutionConfigurationPlatforms) = preSolution
		Debug|Any CPU = Debug|Any CPU
		Debug|x64 = Debug|x64
		Debug|x86 = Debug|x86
		Release|Any CPU = Release|Any CPU
		Release|x64 = Release|x64
		Release|x86 = Release|x86
	EndGlobalSection
	GlobalSection(ProjectConfigurationPlatforms) = postSolution
		{5C6C6E99-B84C-45B9-BE4E-7C1F5B285EAF}.Debug|Any CPU.ActiveCfg = Debug|Any CPU
		{5C6C6E99-B84C-45B9-BE4E-7C1F5B285EAF}.Debug|Any CPU.Build.0 = Debug|Any CPU
		{5C6C6E99-B84C-45B9-BE4E-7C1F5B285EAF}.Debug|x64.ActiveCfg = Debug|Any CPU
		{5C6C6E99-B84C-45B9-BE4E-7C1F5B285EAF}.Debug|x64.Build.0 = Debug|Any CPU
		{5C6C6E99-B84C-45B9-BE4E-7C1F5B285EAF}.Debug|x86.ActiveCfg = Debug|Any CPU
		{5C6C6E99-B84C-45B9-BE4E-7C1F5B285EAF}.Debug|x86.Build.0 = Debug|Any CPU
		{5C6C6E99-B84C-45B9-BE4E-7C1F5B285EAF}.Release|Any CPU.ActiveCfg = Release|Any CPU
		{5C6C6E99-B84C-45B9-BE4E-7C1F5B285EAF}.Release|Any CPU.Build.0 = Release|Any CPU
		{5C6C6E99-B84C-45B9-BE4E-7C1F5B285EAF}.Release|x64.ActiveCfg = Release|Any CPU
		{5C6C6E99-B84C-45B9-BE4E-7C1F5B285EAF}.Release|x64.Build.0 = Release|Any CPU
		{5C6C6E99-B84C-45B9-BE4E-7C1F5B285EAF}.Release|x86.ActiveCfg = Release|Any CPU
		{5C6C6E99-B84C-45B9-BE4E-7C1F5B285EAF}.Release|x86.Build.0 = Release|Any CPU
		{1C2E9E50-9DF4-405C-A4D5-F5A0D6E84FD3}.Debug|Any CPU.ActiveCfg = Debug|Any CPU
		{1C2E9E50-9DF4-405C-A4D5-F5A0D6E84FD3}.Debug|Any CPU.Build.0 = Debug|Any CPU
		{1C2E9E50-9DF4-405C-A4D5-F5A0D6E84FD3}.Debug|x64.ActiveCfg = Debug|Any CPU
		{1C2E9E50-9DF4-405C-A4D5-F5A0D6E84FD3}.Debug|x64.Build.0 = Debug|Any CPU
		{1C2E9E50-9DF4-405C-A4D5-F5A0D6E84FD3}.Debug|x86.ActiveCfg = Debug|Any CPU
		{1C2E9E50-9DF4-405C-A4D5-F5A0D6E84FD3}.Debug|x86.Build.0 = Debug|Any CPU
		{1C2E9E50-9DF4-405C-A4D5-F5A0D6E84FD3}.Release|Any CPU.ActiveCfg = Release|Any CPU
		{1C2E9E50-9DF4-405C-A4D5-F5A0D6E84FD3}.Release|Any CPU.Build.0 = Release|Any CPU
		{1C2E9E50-9DF4-405C-A4D5-F5A0D6E84FD3}.Release|x64.ActiveCfg = Release|Any CPU
		{1C2E9E50-9DF4-405C-A4D5-F5A0D6E84FD3}.Release|x64.Build.0 = Release|Any CPU
		{1C2E9E50-9DF4-405C-A4D5-F5A0D6E84FD3}.Release|x86.ActiveCfg = Release|Any CPU
		{1C2E9E50-9DF4-405C-A4D5-F5A0D6E84FD3}.Release|x86.Build.0 = Release|Any CPU
		{CC97EE54-D91A-4F4F-9205-D66F681A1FBF}.Debug|Any CPU.ActiveCfg = Debug|Any CPU
		{CC97EE54-D91A-4F4F-9205-D66F681A1FBF}.Debug|Any CPU.Build.0 = Debug|Any CPU
		{CC97EE54-D91A-4F4F-9205-D66F681A1FBF}.Debug|x64.ActiveCfg = Debug|Any CPU
		{CC97EE54-D91A-4F4F-9205-D66F681A1FBF}.Debug|x64.Build.0 = Debug|Any CPU
		{CC97EE54-D91A-4F4F-9205-D66F681A1FBF}.Debug|x86.ActiveCfg = Debug|Any CPU
		{CC97EE54-D91A-4F4F-9205-D66F681A1FBF}.Debug|x86.Build.0 = Debug|Any CPU
		{CC97EE54-D91A-4F4F-9205-D66F681A1FBF}.Release|Any CPU.ActiveCfg = Release|Any CPU
		{CC97EE54-D91A-4F4F-9205-D66F681A1FBF}.Release|Any CPU.Build.0 = Release|Any CPU
		{CC97EE54-D91A-4F4F-9205-D66F681A1FBF}.Release|x64.ActiveCfg = Release|Any CPU
		{CC97EE54-D91A-4F4F-9205-D66F681A1FBF}.Release|x64.Build.0 = Release|Any CPU
		{CC97EE54-D91A-4F4F-9205-D66F681A1FBF}.Release|x86.ActiveCfg = Release|Any CPU
		{CC97EE54-D91A-4F4F-9205-D66F681A1FBF}.Release|x86.Build.0 = Release|Any CPU
		{30B1D820-5C5F-402D-BA4B-09C035800033}.Debug|Any CPU.ActiveCfg = Debug|Any CPU
		{30B1D820-5C5F-402D-BA4B-09C035800033}.Debug|Any CPU.Build.0 = Debug|Any CPU
		{30B1D820-5C5F-402D-BA4B-09C035800033}.Debug|x64.ActiveCfg = Debug|Any CPU
		{30B1D820-5C5F-402D-BA4B-09C035800033}.Debug|x64.Build.0 = Debug|Any CPU
		{30B1D820-5C5F-402D-BA4B-09C035800033}.Debug|x86.ActiveCfg = Debug|Any CPU
		{30B1D820-5C5F-402D-BA4B-09C035800033}.Debug|x86.Build.0 = Debug|Any CPU
		{30B1D820-5C5F-402D-BA4B-09C035800033}.Release|Any CPU.ActiveCfg = Release|Any CPU
		{30B1D820-5C5F-402D-BA4B-09C035800033}.Release|Any CPU.Build.0 = Release|Any CPU
		{30B1D820-5C5F-402D-BA4B-09C035800033}.Release|x64.ActiveCfg = Release|Any CPU
		{30B1D820-5C5F-402D-BA4B-09C035800033}.Release|x64.Build.0 = Release|Any CPU
		{30B1D820-5C5F-402D-BA4B-09C035800033}.Release|x86.ActiveCfg = Release|Any CPU
		{30B1D820-5C5F-402D-BA4B-09C035800033}.Release|x86.Build.0 = Release|Any CPU
		{F8026365-4910-4E10-9E5A-5526B0373CF8}.Debug|Any CPU.ActiveCfg = Debug|Any CPU
		{F8026365-4910-4E10-9E5A-5526B0373CF8}.Debug|Any CPU.Build.0 = Debug|Any CPU
		{F8026365-4910-4E10-9E5A-5526B0373CF8}.Debug|x64.ActiveCfg = Debug|Any CPU
		{F8026365-4910-4E10-9E5A-5526B0373CF8}.Debug|x64.Build.0 = Debug|Any CPU
		{F8026365-4910-4E10-9E5A-5526B0373CF8}.Debug|x86.ActiveCfg = Debug|Any CPU
		{F8026365-4910-4E10-9E5A-5526B0373CF8}.Debug|x86.Build.0 = Debug|Any CPU
		{F8026365-4910-4E10-9E5A-5526B0373CF8}.Release|Any CPU.ActiveCfg = Release|Any CPU
		{F8026365-4910-4E10-9E5A-5526B0373CF8}.Release|Any CPU.Build.0 = Release|Any CPU
		{F8026365-4910-4E10-9E5A-5526B0373CF8}.Release|x64.ActiveCfg = Release|Any CPU
		{F8026365-4910-4E10-9E5A-5526B0373CF8}.Release|x64.Build.0 = Release|Any CPU
		{F8026365-4910-4E10-9E5A-5526B0373CF8}.Release|x86.ActiveCfg = Release|Any CPU
		{F8026365-4910-4E10-9E5A-5526B0373CF8}.Release|x86.Build.0 = Release|Any CPU
		{1CD6353F-396C-4118-B55C-65604BACD5E1}.Debug|Any CPU.ActiveCfg = Debug|Any CPU
		{1CD6353F-396C-4118-B55C-65604BACD5E1}.Debug|Any CPU.Build.0 = Debug|Any CPU
		{1CD6353F-396C-4118-B55C-65604BACD5E1}.Debug|x64.ActiveCfg = Debug|Any CPU
		{1CD6353F-396C-4118-B55C-65604BACD5E1}.Debug|x64.Build.0 = Debug|Any CPU
		{1CD6353F-396C-4118-B55C-65604BACD5E1}.Debug|x86.ActiveCfg = Debug|Any CPU
		{1CD6353F-396C-4118-B55C-65604BACD5E1}.Debug|x86.Build.0 = Debug|Any CPU
		{1CD6353F-396C-4118-B55C-65604BACD5E1}.Release|Any CPU.ActiveCfg = Release|Any CPU
		{1CD6353F-396C-4118-B55C-65604BACD5E1}.Release|Any CPU.Build.0 = Release|Any CPU
		{1CD6353F-396C-4118-B55C-65604BACD5E1}.Release|x64.ActiveCfg = Release|Any CPU
		{1CD6353F-396C-4118-B55C-65604BACD5E1}.Release|x64.Build.0 = Release|Any CPU
		{1CD6353F-396C-4118-B55C-65604BACD5E1}.Release|x86.ActiveCfg = Release|Any CPU
		{1CD6353F-396C-4118-B55C-65604BACD5E1}.Release|x86.Build.0 = Release|Any CPU
		{C691B2A5-8E24-4F11-89BD-07D39C879BC3}.Debug|Any CPU.ActiveCfg = Debug|Any CPU
		{C691B2A5-8E24-4F11-89BD-07D39C879BC3}.Debug|Any CPU.Build.0 = Debug|Any CPU
		{C691B2A5-8E24-4F11-89BD-07D39C879BC3}.Debug|x64.ActiveCfg = Debug|Any CPU
		{C691B2A5-8E24-4F11-89BD-07D39C879BC3}.Debug|x64.Build.0 = Debug|Any CPU
		{C691B2A5-8E24-4F11-89BD-07D39C879BC3}.Debug|x86.ActiveCfg = Debug|Any CPU
		{C691B2A5-8E24-4F11-89BD-07D39C879BC3}.Debug|x86.Build.0 = Debug|Any CPU
		{C691B2A5-8E24-4F11-89BD-07D39C879BC3}.Release|Any CPU.ActiveCfg = Release|Any CPU
		{C691B2A5-8E24-4F11-89BD-07D39C879BC3}.Release|Any CPU.Build.0 = Release|Any CPU
		{C691B2A5-8E24-4F11-89BD-07D39C879BC3}.Release|x64.ActiveCfg = Release|Any CPU
		{C691B2A5-8E24-4F11-89BD-07D39C879BC3}.Release|x64.Build.0 = Release|Any CPU
		{C691B2A5-8E24-4F11-89BD-07D39C879BC3}.Release|x86.ActiveCfg = Release|Any CPU
		{C691B2A5-8E24-4F11-89BD-07D39C879BC3}.Release|x86.Build.0 = Release|Any CPU
		{065D36A7-A04D-4A0E-92BF-6CF1C5547370}.Debug|Any CPU.ActiveCfg = Debug|Any CPU
		{065D36A7-A04D-4A0E-92BF-6CF1C5547370}.Debug|Any CPU.Build.0 = Debug|Any CPU
		{065D36A7-A04D-4A0E-92BF-6CF1C5547370}.Debug|x64.ActiveCfg = Debug|Any CPU
		{065D36A7-A04D-4A0E-92BF-6CF1C5547370}.Debug|x64.Build.0 = Debug|Any CPU
		{065D36A7-A04D-4A0E-92BF-6CF1C5547370}.Debug|x86.ActiveCfg = Debug|Any CPU
		{065D36A7-A04D-4A0E-92BF-6CF1C5547370}.Debug|x86.Build.0 = Debug|Any CPU
		{065D36A7-A04D-4A0E-92BF-6CF1C5547370}.Release|Any CPU.ActiveCfg = Release|Any CPU
		{065D36A7-A04D-4A0E-92BF-6CF1C5547370}.Release|Any CPU.Build.0 = Release|Any CPU
		{065D36A7-A04D-4A0E-92BF-6CF1C5547370}.Release|x64.ActiveCfg = Release|Any CPU
		{065D36A7-A04D-4A0E-92BF-6CF1C5547370}.Release|x64.Build.0 = Release|Any CPU
		{065D36A7-A04D-4A0E-92BF-6CF1C5547370}.Release|x86.ActiveCfg = Release|Any CPU
		{065D36A7-A04D-4A0E-92BF-6CF1C5547370}.Release|x86.Build.0 = Release|Any CPU
		{D53B4C94-4B23-4D2E-AE24-3A72A4D4C8E1}.Debug|Any CPU.ActiveCfg = Debug|Any CPU
		{D53B4C94-4B23-4D2E-AE24-3A72A4D4C8E1}.Debug|Any CPU.Build.0 = Debug|Any CPU
		{D53B4C94-4B23-4D2E-AE24-3A72A4D4C8E1}.Debug|x64.ActiveCfg = Debug|Any CPU
		{D53B4C94-4B23-4D2E-AE24-3A72A4D4C8E1}.Debug|x64.Build.0 = Debug|Any CPU
		{D53B4C94-4B23-4D2E-AE24-3A72A4D4C8E1}.Debug|x86.ActiveCfg = Debug|Any CPU
		{D53B4C94-4B23-4D2E-AE24-3A72A4D4C8E1}.Debug|x86.Build.0 = Debug|Any CPU
		{D53B4C94-4B23-4D2E-AE24-3A72A4D4C8E1}.Release|Any CPU.ActiveCfg = Release|Any CPU
		{D53B4C94-4B23-4D2E-AE24-3A72A4D4C8E1}.Release|Any CPU.Build.0 = Release|Any CPU
		{D53B4C94-4B23-4D2E-AE24-3A72A4D4C8E1}.Release|x64.ActiveCfg = Release|Any CPU
		{D53B4C94-4B23-4D2E-AE24-3A72A4D4C8E1}.Release|x64.Build.0 = Release|Any CPU
		{D53B4C94-4B23-4D2E-AE24-3A72A4D4C8E1}.Release|x86.ActiveCfg = Release|Any CPU
		{D53B4C94-4B23-4D2E-AE24-3A72A4D4C8E1}.Release|x86.Build.0 = Release|Any CPU
		{5B7BEDB7-76BC-4DC2-9F4D-2C4975367579}.Debug|Any CPU.ActiveCfg = Debug|Any CPU
		{5B7BEDB7-76BC-4DC2-9F4D-2C4975367579}.Debug|Any CPU.Build.0 = Debug|Any CPU
		{5B7BEDB7-76BC-4DC2-9F4D-2C4975367579}.Debug|x64.ActiveCfg = Debug|Any CPU
		{5B7BEDB7-76BC-4DC2-9F4D-2C4975367579}.Debug|x64.Build.0 = Debug|Any CPU
		{5B7BEDB7-76BC-4DC2-9F4D-2C4975367579}.Debug|x86.ActiveCfg = Debug|Any CPU
		{5B7BEDB7-76BC-4DC2-9F4D-2C4975367579}.Debug|x86.Build.0 = Debug|Any CPU
		{5B7BEDB7-76BC-4DC2-9F4D-2C4975367579}.Release|Any CPU.ActiveCfg = Release|Any CPU
		{5B7BEDB7-76BC-4DC2-9F4D-2C4975367579}.Release|Any CPU.Build.0 = Release|Any CPU
		{5B7BEDB7-76BC-4DC2-9F4D-2C4975367579}.Release|x64.ActiveCfg = Release|Any CPU
		{5B7BEDB7-76BC-4DC2-9F4D-2C4975367579}.Release|x64.Build.0 = Release|Any CPU
		{5B7BEDB7-76BC-4DC2-9F4D-2C4975367579}.Release|x86.ActiveCfg = Release|Any CPU
		{5B7BEDB7-76BC-4DC2-9F4D-2C4975367579}.Release|x86.Build.0 = Release|Any CPU
		{9A30E9A8-C5E7-49FA-A9C3-C2A6C176A478}.Debug|Any CPU.ActiveCfg = Debug|Any CPU
		{9A30E9A8-C5E7-49FA-A9C3-C2A6C176A478}.Debug|Any CPU.Build.0 = Debug|Any CPU
		{9A30E9A8-C5E7-49FA-A9C3-C2A6C176A478}.Debug|x64.ActiveCfg = Debug|Any CPU
		{9A30E9A8-C5E7-49FA-A9C3-C2A6C176A478}.Debug|x64.Build.0 = Debug|Any CPU
		{9A30E9A8-C5E7-49FA-A9C3-C2A6C176A478}.Debug|x86.ActiveCfg = Debug|Any CPU
		{9A30E9A8-C5E7-49FA-A9C3-C2A6C176A478}.Debug|x86.Build.0 = Debug|Any CPU
		{9A30E9A8-C5E7-49FA-A9C3-C2A6C176A478}.Release|Any CPU.ActiveCfg = Release|Any CPU
		{9A30E9A8-C5E7-49FA-A9C3-C2A6C176A478}.Release|Any CPU.Build.0 = Release|Any CPU
		{9A30E9A8-C5E7-49FA-A9C3-C2A6C176A478}.Release|x64.ActiveCfg = Release|Any CPU
		{9A30E9A8-C5E7-49FA-A9C3-C2A6C176A478}.Release|x64.Build.0 = Release|Any CPU
		{9A30E9A8-C5E7-49FA-A9C3-C2A6C176A478}.Release|x86.ActiveCfg = Release|Any CPU
		{9A30E9A8-C5E7-49FA-A9C3-C2A6C176A478}.Release|x86.Build.0 = Release|Any CPU
		{4C2B1C5E-C641-4A13-9747-1B4E8AE48AB4}.Debug|Any CPU.ActiveCfg = Debug|Any CPU
		{4C2B1C5E-C641-4A13-9747-1B4E8AE48AB4}.Debug|Any CPU.Build.0 = Debug|Any CPU
		{4C2B1C5E-C641-4A13-9747-1B4E8AE48AB4}.Debug|x64.ActiveCfg = Debug|Any CPU
		{4C2B1C5E-C641-4A13-9747-1B4E8AE48AB4}.Debug|x64.Build.0 = Debug|Any CPU
		{4C2B1C5E-C641-4A13-9747-1B4E8AE48AB4}.Debug|x86.ActiveCfg = Debug|Any CPU
		{4C2B1C5E-C641-4A13-9747-1B4E8AE48AB4}.Debug|x86.Build.0 = Debug|Any CPU
		{4C2B1C5E-C641-4A13-9747-1B4E8AE48AB4}.Release|Any CPU.ActiveCfg = Release|Any CPU
		{4C2B1C5E-C641-4A13-9747-1B4E8AE48AB4}.Release|Any CPU.Build.0 = Release|Any CPU
		{4C2B1C5E-C641-4A13-9747-1B4E8AE48AB4}.Release|x64.ActiveCfg = Release|Any CPU
		{4C2B1C5E-C641-4A13-9747-1B4E8AE48AB4}.Release|x64.Build.0 = Release|Any CPU
		{4C2B1C5E-C641-4A13-9747-1B4E8AE48AB4}.Release|x86.ActiveCfg = Release|Any CPU
		{4C2B1C5E-C641-4A13-9747-1B4E8AE48AB4}.Release|x86.Build.0 = Release|Any CPU
	EndGlobalSection
	GlobalSection(SolutionProperties) = preSolution
		HideSolutionNode = FALSE
	EndGlobalSection
	GlobalSection(NestedProjects) = preSolution
		{5C6C6E99-B84C-45B9-BE4E-7C1F5B285EAF} = {827E0CD3-B72D-47B6-A68D-7590B98EB39B}
		{1C2E9E50-9DF4-405C-A4D5-F5A0D6E84FD3} = {827E0CD3-B72D-47B6-A68D-7590B98EB39B}
		{CC97EE54-D91A-4F4F-9205-D66F681A1FBF} = {827E0CD3-B72D-47B6-A68D-7590B98EB39B}
		{30B1D820-5C5F-402D-BA4B-09C035800033} = {827E0CD3-B72D-47B6-A68D-7590B98EB39B}
		{F8026365-4910-4E10-9E5A-5526B0373CF8} = {827E0CD3-B72D-47B6-A68D-7590B98EB39B}
		{1CD6353F-396C-4118-B55C-65604BACD5E1} = {827E0CD3-B72D-47B6-A68D-7590B98EB39B}
		{C691B2A5-8E24-4F11-89BD-07D39C879BC3} = {827E0CD3-B72D-47B6-A68D-7590B98EB39B}
		{065D36A7-A04D-4A0E-92BF-6CF1C5547370} = {827E0CD3-B72D-47B6-A68D-7590B98EB39B}
		{D53B4C94-4B23-4D2E-AE24-3A72A4D4C8E1} = {827E0CD3-B72D-47B6-A68D-7590B98EB39B}
		{5B7BEDB7-76BC-4DC2-9F4D-2C4975367579} = {827E0CD3-B72D-47B6-A68D-7590B98EB39B}
		{9A30E9A8-C5E7-49FA-A9C3-C2A6C176A478} = {827E0CD3-B72D-47B6-A68D-7590B98EB39B}
		{4C2B1C5E-C641-4A13-9747-1B4E8AE48AB4} = {827E0CD3-B72D-47B6-A68D-7590B98EB39B}
	EndGlobalSection
EndGlobal
